
Microsoft Visual Studio Solution File, Format Version 12.00
# Visual Studio Version 16
VisualStudioVersion = 16.0.31321.278
MinimumVisualStudioVersion = 10.0.40219.1
Project("{9A19103F-16F7-4668-BE54-9A1E7A4F7556}") = "ReubenClarke", "ReubenClarke\ReubenClarke.csproj", "{858BFC22-C4D8-4408-B9F1-9C646AEB089A}"
EndProject
Project("{9A19103F-16F7-4668-BE54-9A1E7A4F7556}") = "DataAccessLibrary", "..\BlazorServerSide\DataAccessLibrary\DataAccessLibrary.csproj", "{B1E902AD-A97F-430F-B8B0-3F5FF5F6BBB2}"
EndProject
Global
	GlobalSection(SolutionConfigurationPlatforms) = preSolution
		Debug|Any CPU = Debug|Any CPU
		Release|Any CPU = Release|Any CPU
	EndGlobalSection
	GlobalSection(ProjectConfigurationPlatforms) = postSolution
		{858BFC22-C4D8-4408-B9F1-9C646AEB089A}.Debug|Any CPU.ActiveCfg = Debug|Any CPU
		{858BFC22-C4D8-4408-B9F1-9C646AEB089A}.Debug|Any CPU.Build.0 = Debug|Any CPU
		{858BFC22-C4D8-4408-B9F1-9C646AEB089A}.Release|Any CPU.ActiveCfg = Release|Any CPU
		{858BFC22-C4D8-4408-B9F1-9C646AEB089A}.Release|Any CPU.Build.0 = Release|Any CPU
		{B1E902AD-A97F-430F-B8B0-3F5FF5F6BBB2}.Debug|Any CPU.ActiveCfg = Debug|Any CPU
		{B1E902AD-A97F-430F-B8B0-3F5FF5F6BBB2}.Debug|Any CPU.Build.0 = Debug|Any CPU
		{B1E902AD-A97F-430F-B8B0-3F5FF5F6BBB2}.Release|Any CPU.ActiveCfg = Release|Any CPU
		{B1E902AD-A97F-430F-B8B0-3F5FF5F6BBB2}.Release|Any CPU.Build.0 = Release|Any CPU
	EndGlobalSection
	GlobalSection(SolutionProperties) = preSolution
		HideSolutionNode = FALSE
	EndGlobalSection
	GlobalSection(ExtensibilityGlobals) = postSolution
		SolutionGuid = {907CA22C-7EDB-405F-B065-97AE2CD67892}
	EndGlobalSection
EndGlobal
